// !$*UTF8*$!
{
	archiveVersion = 1;
	classes = {
	};
	objectVersion = 46;
	objects = {

/* Begin PBXBuildFile section */
		4907B3B5175FA3290042E1C8 /* BigFontView.m in Sources */ = {isa = PBXBuildFile; fileRef = 4907B3B4175FA3290042E1C8 /* BigFontView.m */; };
		491BD7D116BBF0560012A5E1 /* Cocoa.framework in Frameworks */ = {isa = PBXBuildFile; fileRef = 491BD7D016BBF0560012A5E1 /* Cocoa.framework */; };
		491BD7EA16BBF0570012A5E1 /* SinK3.xcdatamodeld in Sources */ = {isa = PBXBuildFile; fileRef = 491BD7E816BBF0570012A5E1 /* SinK3.xcdatamodeld */; };
		491BD83516BED10F0012A5E1 /* QuartzCore.framework in Frameworks */ = {isa = PBXBuildFile; fileRef = 491BD83416BED10F0012A5E1 /* QuartzCore.framework */; };
		491BD83916BED11F0012A5E1 /* CoreMedia.framework in Frameworks */ = {isa = PBXBuildFile; fileRef = 491BD83816BED11F0012A5E1 /* CoreMedia.framework */; };
		491D8F5B17E8C65000D7119D /* TextField_keyHandler.m in Sources */ = {isa = PBXBuildFile; fileRef = 491D8F5A17E8C65000D7119D /* TextField_keyHandler.m */; };
		493684CF179D479A00BE8384 /* AppDelegate.m in Sources */ = {isa = PBXBuildFile; fileRef = 493684CD179D479A00BE8384 /* AppDelegate.m */; };
		493684D1179D47E800BE8384 /* main.m in Sources */ = {isa = PBXBuildFile; fileRef = 493684D0179D47E800BE8384 /* main.m */; };
		493684D6179D480100BE8384 /* Credits.rtf in Resources */ = {isa = PBXBuildFile; fileRef = 493684D2179D480100BE8384 /* Credits.rtf */; };
		493684D7179D480100BE8384 /* InfoPlist.strings in Resources */ = {isa = PBXBuildFile; fileRef = 493684D4179D480100BE8384 /* InfoPlist.strings */; };
		493684DC179D48D600BE8384 /* MainMenu.xib in Resources */ = {isa = PBXBuildFile; fileRef = 493684DA179D48D600BE8384 /* MainMenu.xib */; };
		493D642517173DC600E51A6F /* Accelerate.framework in Frameworks */ = {isa = PBXBuildFile; fileRef = 493D642417173DC600E51A6F /* Accelerate.framework */; };
		493D642717173DCD00E51A6F /* AudioToolbox.framework in Frameworks */ = {isa = PBXBuildFile; fileRef = 493D642617173DCD00E51A6F /* AudioToolbox.framework */; };
		493D642917173DD300E51A6F /* AudioUnit.framework in Frameworks */ = {isa = PBXBuildFile; fileRef = 493D642817173DD300E51A6F /* AudioUnit.framework */; };
		493D642B17173DD800E51A6F /* CoreAudioKit.framework in Frameworks */ = {isa = PBXBuildFile; fileRef = 493D642A17173DD800E51A6F /* CoreAudioKit.framework */; };
		493D642D17173DDE00E51A6F /* CoreAudio.framework in Frameworks */ = {isa = PBXBuildFile; fileRef = 493D642C17173DDE00E51A6F /* CoreAudio.framework */; };
		493D642F17173DE500E51A6F /* ApplicationServices.framework in Frameworks */ = {isa = PBXBuildFile; fileRef = 493D642E17173DE500E51A6F /* ApplicationServices.framework */; };
		493D643317173DF200E51A6F /* QTKit.framework in Frameworks */ = {isa = PBXBuildFile; fileRef = 493D643217173DF200E51A6F /* QTKit.framework */; };
		493D643517173DFA00E51A6F /* CoreVideo.framework in Frameworks */ = {isa = PBXBuildFile; fileRef = 493D643417173DFA00E51A6F /* CoreVideo.framework */; };
		493D643717173E0000E51A6F /* Carbon.framework in Frameworks */ = {isa = PBXBuildFile; fileRef = 493D643617173E0000E51A6F /* Carbon.framework */; };
		493D643817173E1200E51A6F /* CoreData.framework in Frameworks */ = {isa = PBXBuildFile; fileRef = 491BD7D416BBF0560012A5E1 /* CoreData.framework */; };
		493D643917173E1800E51A6F /* Foundation.framework in Frameworks */ = {isa = PBXBuildFile; fileRef = 491BD7D516BBF0560012A5E1 /* Foundation.framework */; };
		493D643A17173FB700E51A6F /* OpenGL.framework in Frameworks */ = {isa = PBXBuildFile; fileRef = 491BD83616BED1150012A5E1 /* OpenGL.framework */; };
		493D643B1717404D00E51A6F /* AppKit.framework in Frameworks */ = {isa = PBXBuildFile; fileRef = 491BD7D316BBF0560012A5E1 /* AppKit.framework */; };
		495367A517CF5BD3005EE119 /* CoreMIDI.framework in Frameworks */ = {isa = PBXBuildFile; fileRef = 495367A417CF5BD3005EE119 /* CoreMIDI.framework */; };
		4964FDE317DCB49D0092E542 /* textify.icns in Resources */ = {isa = PBXBuildFile; fileRef = 4964FDE217DCB49D0092E542 /* textify.icns */; };
		4974D18317E9F76D008DA40C /* Syphon.framework in Frameworks */ = {isa = PBXBuildFile; fileRef = 4974D18217E9F76D008DA40C /* Syphon.framework */; };
		4974D18417E9F784008DA40C /* Syphon.framework in CopyFiles */ = {isa = PBXBuildFile; fileRef = 4974D18217E9F76D008DA40C /* Syphon.framework */; };
		4974D18617EA0540008DA40C /* defaultSettings.settings in Resources */ = {isa = PBXBuildFile; fileRef = 4974D18517EA0540008DA40C /* defaultSettings.settings */; };
		4974D18917EA06CD008DA40C /* SettingsScrollView.m in Sources */ = {isa = PBXBuildFile; fileRef = 4974D18817EA06CD008DA40C /* SettingsScrollView.m */; };
		4987A38916C322C20035FB17 /* Security.framework in Frameworks */ = {isa = PBXBuildFile; fileRef = 4987A38816C322C20035FB17 /* Security.framework */; };
		498DA26D17DB78D80060F022 /* TextSliceScrollView.m in Sources */ = {isa = PBXBuildFile; fileRef = 498DA26C17DB78D80060F022 /* TextSliceScrollView.m */; };
		498DA3AA17E5030700EBDF78 /* SettingsFile.m in Sources */ = {isa = PBXBuildFile; fileRef = 498DA3A917E5030700EBDF78 /* SettingsFile.m */; };
		498DA3AD17E53FFA00EBDF78 /* SettingsFileBox.m in Sources */ = {isa = PBXBuildFile; fileRef = 498DA3AC17E53FFA00EBDF78 /* SettingsFileBox.m */; };
		498F2D8D17CE2A8300A38674 /* NSTextView_NoDrag.m in Sources */ = {isa = PBXBuildFile; fileRef = 498F2D8C17CE2A8300A38674 /* NSTextView_NoDrag.m */; };
		498F2D9017CE2B2300A38674 /* NSTextView_DragOverride.m in Sources */ = {isa = PBXBuildFile; fileRef = 498F2D8F17CE2B2200A38674 /* NSTextView_DragOverride.m */; };
		499AE6E417DE7CE20055B9F0 /* FRAppCommon.m in Sources */ = {isa = PBXBuildFile; fileRef = 499AE6E317DE7CE20055B9F0 /* FRAppCommon.m */; };
		499AE6F017DE7CF00055B9F0 /* FRMIDIConfigController.m in Sources */ = {isa = PBXBuildFile; fileRef = 499AE6E617DE7CEF0055B9F0 /* FRMIDIConfigController.m */; };
		499AE6F117DE7CF00055B9F0 /* FRMIDIInput.m in Sources */ = {isa = PBXBuildFile; fileRef = 499AE6E817DE7CEF0055B9F0 /* FRMIDIInput.m */; };
		499AE6F217DE7CF00055B9F0 /* FRMIDIMapping.m in Sources */ = {isa = PBXBuildFile; fileRef = 499AE6EA17DE7CEF0055B9F0 /* FRMIDIMapping.m */; };
		499AE6F317DE7CF00055B9F0 /* FRMIDIPublishedMethods.m in Sources */ = {isa = PBXBuildFile; fileRef = 499AE6EC17DE7CF00055B9F0 /* FRMIDIPublishedMethods.m */; };
		499AE6F417DE7CF00055B9F0 /* midimap_korgNanoKontrol2.plist in Resources */ = {isa = PBXBuildFile; fileRef = 499AE6ED17DE7CF00055B9F0 /* midimap_korgNanoKontrol2.plist */; };
		499AE6F517DE7CF00055B9F0 /* midimap_korgNanoPad.plist in Resources */ = {isa = PBXBuildFile; fileRef = 499AE6EE17DE7CF00055B9F0 /* midimap_korgNanoPad.plist */; };
		499AE6F617DE7CF00055B9F0 /* midimap_vestaxSpin.plist in Resources */ = {isa = PBXBuildFile; fileRef = 499AE6EF17DE7CF00055B9F0 /* midimap_vestaxSpin.plist */; };
		49A3DAAC17CA52C70091FEFD /* NSView+snapshot.m in Sources */ = {isa = PBXBuildFile; fileRef = 49A3DAAB17CA52C70091FEFD /* NSView+snapshot.m */; };
		49BD02D117CEBF4B00CF064E /* Assets in Resources */ = {isa = PBXBuildFile; fileRef = 49BD02D017CEBF4B00CF064E /* Assets */; };
		49BF395217842D910045361C /* AppController.m in Sources */ = {isa = PBXBuildFile; fileRef = 49BF395117842D910045361C /* AppController.m */; };
		49CCB37317DB28E5009925EF /* TextSlice.m in Sources */ = {isa = PBXBuildFile; fileRef = 49CCB37217DB28E5009925EF /* TextSlice.m */; };
/* End PBXBuildFile section */

/* Begin PBXCopyFilesBuildPhase section */
		491BD82D16BECFC40012A5E1 /* CopyFiles */ = {
			isa = PBXCopyFilesBuildPhase;
			buildActionMask = 2147483647;
			dstPath = "";
			dstSubfolderSpec = 10;
			files = (
				4974D18417E9F784008DA40C /* Syphon.framework in CopyFiles */,
			);
			runOnlyForDeploymentPostprocessing = 0;
		};
/* End PBXCopyFilesBuildPhase section */

/* Begin PBXFileReference section */
		4907B3B3175FA3290042E1C8 /* BigFontView.h */ = {isa = PBXFileReference; fileEncoding = 4; lastKnownFileType = sourcecode.c.h; path = BigFontView.h; sourceTree = "<group>"; };
		4907B3B4175FA3290042E1C8 /* BigFontView.m */ = {isa = PBXFileReference; fileEncoding = 4; lastKnownFileType = sourcecode.c.objc; path = BigFontView.m; sourceTree = "<group>"; };
		491BD7CC16BBF0560012A5E1 /* Textify.app */ = {isa = PBXFileReference; explicitFileType = wrapper.application; includeInIndex = 0; path = Textify.app; sourceTree = BUILT_PRODUCTS_DIR; };
		491BD7D016BBF0560012A5E1 /* Cocoa.framework */ = {isa = PBXFileReference; lastKnownFileType = wrapper.framework; name = Cocoa.framework; path = System/Library/Frameworks/Cocoa.framework; sourceTree = SDKROOT; };
		491BD7D316BBF0560012A5E1 /* AppKit.framework */ = {isa = PBXFileReference; lastKnownFileType = wrapper.framework; name = AppKit.framework; path = System/Library/Frameworks/AppKit.framework; sourceTree = SDKROOT; };
		491BD7D416BBF0560012A5E1 /* CoreData.framework */ = {isa = PBXFileReference; lastKnownFileType = wrapper.framework; name = CoreData.framework; path = System/Library/Frameworks/CoreData.framework; sourceTree = SDKROOT; };
		491BD7D516BBF0560012A5E1 /* Foundation.framework */ = {isa = PBXFileReference; lastKnownFileType = wrapper.framework; name = Foundation.framework; path = System/Library/Frameworks/Foundation.framework; sourceTree = SDKROOT; };
		491BD7E916BBF0570012A5E1 /* SinK3.xcdatamodel */ = {isa = PBXFileReference; lastKnownFileType = wrapper.xcdatamodel; path = SinK3.xcdatamodel; sourceTree = "<group>"; };
		491BD83416BED10F0012A5E1 /* QuartzCore.framework */ = {isa = PBXFileReference; lastKnownFileType = wrapper.framework; name = QuartzCore.framework; path = System/Library/Frameworks/QuartzCore.framework; sourceTree = SDKROOT; };
		491BD83616BED1150012A5E1 /* OpenGL.framework */ = {isa = PBXFileReference; lastKnownFileType = wrapper.framework; name = OpenGL.framework; path = System/Library/Frameworks/OpenGL.framework; sourceTree = SDKROOT; };
		491BD83816BED11F0012A5E1 /* CoreMedia.framework */ = {isa = PBXFileReference; lastKnownFileType = wrapper.framework; name = CoreMedia.framework; path = System/Library/Frameworks/CoreMedia.framework; sourceTree = SDKROOT; };
		491D8F5917E8C65000D7119D /* TextField_keyHandler.h */ = {isa = PBXFileReference; fileEncoding = 4; lastKnownFileType = sourcecode.c.h; path = TextField_keyHandler.h; sourceTree = "<group>"; };
		491D8F5A17E8C65000D7119D /* TextField_keyHandler.m */ = {isa = PBXFileReference; fileEncoding = 4; lastKnownFileType = sourcecode.c.objc; path = TextField_keyHandler.m; sourceTree = "<group>"; };
		493684CD179D479A00BE8384 /* AppDelegate.m */ = {isa = PBXFileReference; fileEncoding = 4; lastKnownFileType = sourcecode.c.objc; path = AppDelegate.m; sourceTree = "<group>"; };
		493684CE179D479A00BE8384 /* AppDelegate.h */ = {isa = PBXFileReference; fileEncoding = 4; lastKnownFileType = sourcecode.c.h; path = AppDelegate.h; sourceTree = "<group>"; };
		493684D0179D47E800BE8384 /* main.m */ = {isa = PBXFileReference; fileEncoding = 4; lastKnownFileType = sourcecode.c.objc; path = main.m; sourceTree = SOURCE_ROOT; };
		493684D3179D480100BE8384 /* en */ = {isa = PBXFileReference; lastKnownFileType = text.rtf; name = en; path = en.lproj/Credits.rtf; sourceTree = SOURCE_ROOT; };
		493684D5179D480100BE8384 /* en */ = {isa = PBXFileReference; lastKnownFileType = text.plist.strings; name = en; path = en.lproj/InfoPlist.strings; sourceTree = SOURCE_ROOT; };
		493684DB179D48D600BE8384 /* en */ = {isa = PBXFileReference; lastKnownFileType = file.xib; name = en; path = en.lproj/MainMenu.xib; sourceTree = SOURCE_ROOT; };
		493D642417173DC600E51A6F /* Accelerate.framework */ = {isa = PBXFileReference; lastKnownFileType = wrapper.framework; name = Accelerate.framework; path = /System/Library/Frameworks/Accelerate.framework; sourceTree = "<absolute>"; };
		493D642617173DCD00E51A6F /* AudioToolbox.framework */ = {isa = PBXFileReference; lastKnownFileType = wrapper.framework; name = AudioToolbox.framework; path = /System/Library/Frameworks/AudioToolbox.framework; sourceTree = "<absolute>"; };
		493D642817173DD300E51A6F /* AudioUnit.framework */ = {isa = PBXFileReference; lastKnownFileType = wrapper.framework; name = AudioUnit.framework; path = /System/Library/Frameworks/AudioUnit.framework; sourceTree = "<absolute>"; };
		493D642A17173DD800E51A6F /* CoreAudioKit.framework */ = {isa = PBXFileReference; lastKnownFileType = wrapper.framework; name = CoreAudioKit.framework; path = /System/Library/Frameworks/CoreAudioKit.framework; sourceTree = "<absolute>"; };
		493D642C17173DDE00E51A6F /* CoreAudio.framework */ = {isa = PBXFileReference; lastKnownFileType = wrapper.framework; name = CoreAudio.framework; path = /System/Library/Frameworks/CoreAudio.framework; sourceTree = "<absolute>"; };
		493D642E17173DE500E51A6F /* ApplicationServices.framework */ = {isa = PBXFileReference; lastKnownFileType = wrapper.framework; name = ApplicationServices.framework; path = /System/Library/Frameworks/ApplicationServices.framework; sourceTree = "<absolute>"; };
		493D643217173DF200E51A6F /* QTKit.framework */ = {isa = PBXFileReference; lastKnownFileType = wrapper.framework; name = QTKit.framework; path = /System/Library/Frameworks/QTKit.framework; sourceTree = "<absolute>"; };
		493D643417173DFA00E51A6F /* CoreVideo.framework */ = {isa = PBXFileReference; lastKnownFileType = wrapper.framework; name = CoreVideo.framework; path = /System/Library/Frameworks/CoreVideo.framework; sourceTree = "<absolute>"; };
		493D643617173E0000E51A6F /* Carbon.framework */ = {isa = PBXFileReference; lastKnownFileType = wrapper.framework; name = Carbon.framework; path = /System/Library/Frameworks/Carbon.framework; sourceTree = "<absolute>"; };
		495367A417CF5BD3005EE119 /* CoreMIDI.framework */ = {isa = PBXFileReference; lastKnownFileType = wrapper.framework; name = CoreMIDI.framework; path = Platforms/MacOSX.platform/Developer/SDKs/MacOSX10.8.sdk/System/Library/Frameworks/CoreMIDI.framework; sourceTree = DEVELOPER_DIR; };
		4964FDE217DCB49D0092E542 /* textify.icns */ = {isa = PBXFileReference; lastKnownFileType = image.icns; path = textify.icns; sourceTree = "<group>"; };
		4974D18217E9F76D008DA40C /* Syphon.framework */ = {isa = PBXFileReference; lastKnownFileType = wrapper.framework; path = Syphon.framework; sourceTree = "<group>"; };
		4974D18517EA0540008DA40C /* defaultSettings.settings */ = {isa = PBXFileReference; fileEncoding = 4; lastKnownFileType = text.xml; path = defaultSettings.settings; sourceTree = SOURCE_ROOT; };
		4974D18717EA06CD008DA40C /* SettingsScrollView.h */ = {isa = PBXFileReference; fileEncoding = 4; lastKnownFileType = sourcecode.c.h; path = SettingsScrollView.h; sourceTree = SOURCE_ROOT; };
		4974D18817EA06CD008DA40C /* SettingsScrollView.m */ = {isa = PBXFileReference; fileEncoding = 4; lastKnownFileType = sourcecode.c.objc; path = SettingsScrollView.m; sourceTree = SOURCE_ROOT; };
		4987A38816C322C20035FB17 /* Security.framework */ = {isa = PBXFileReference; lastKnownFileType = wrapper.framework; name = Security.framework; path = System/Library/Frameworks/Security.framework; sourceTree = SDKROOT; };
		498DA26A17DB71A50060F022 /* Textify-Info.plist */ = {isa = PBXFileReference; lastKnownFileType = text.plist.xml; path = "Textify-Info.plist"; sourceTree = SOURCE_ROOT; };
		498DA26B17DB78D80060F022 /* TextSliceScrollView.h */ = {isa = PBXFileReference; fileEncoding = 4; lastKnownFileType = sourcecode.c.h; path = TextSliceScrollView.h; sourceTree = SOURCE_ROOT; };
		498DA26C17DB78D80060F022 /* TextSliceScrollView.m */ = {isa = PBXFileReference; fileEncoding = 4; lastKnownFileType = sourcecode.c.objc; path = TextSliceScrollView.m; sourceTree = SOURCE_ROOT; };
		498DA3A817E5030600EBDF78 /* SettingsFile.h */ = {isa = PBXFileReference; fileEncoding = 4; lastKnownFileType = sourcecode.c.h; path = SettingsFile.h; sourceTree = SOURCE_ROOT; };
		498DA3A917E5030700EBDF78 /* SettingsFile.m */ = {isa = PBXFileReference; fileEncoding = 4; lastKnownFileType = sourcecode.c.objc; path = SettingsFile.m; sourceTree = SOURCE_ROOT; };
		498DA3AB17E53FFA00EBDF78 /* SettingsFileBox.h */ = {isa = PBXFileReference; fileEncoding = 4; lastKnownFileType = sourcecode.c.h; path = SettingsFileBox.h; sourceTree = SOURCE_ROOT; };
		498DA3AC17E53FFA00EBDF78 /* SettingsFileBox.m */ = {isa = PBXFileReference; fileEncoding = 4; lastKnownFileType = sourcecode.c.objc; path = SettingsFileBox.m; sourceTree = SOURCE_ROOT; };
		498F2D8B17CE2A8300A38674 /* NSTextView_NoDrag.h */ = {isa = PBXFileReference; fileEncoding = 4; lastKnownFileType = sourcecode.c.h; path = NSTextView_NoDrag.h; sourceTree = SOURCE_ROOT; };
		498F2D8C17CE2A8300A38674 /* NSTextView_NoDrag.m */ = {isa = PBXFileReference; fileEncoding = 4; lastKnownFileType = sourcecode.c.objc; path = NSTextView_NoDrag.m; sourceTree = SOURCE_ROOT; };
		498F2D8E17CE2B2200A38674 /* NSTextView_DragOverride.h */ = {isa = PBXFileReference; fileEncoding = 4; lastKnownFileType = sourcecode.c.h; path = NSTextView_DragOverride.h; sourceTree = SOURCE_ROOT; };
		498F2D8F17CE2B2200A38674 /* NSTextView_DragOverride.m */ = {isa = PBXFileReference; fileEncoding = 4; lastKnownFileType = sourcecode.c.objc; path = NSTextView_DragOverride.m; sourceTree = SOURCE_ROOT; };
		499AE6E117DE7CE20055B9F0 /* CWLSynthesizeSingleton.h */ = {isa = PBXFileReference; fileEncoding = 4; lastKnownFileType = sourcecode.c.h; name = CWLSynthesizeSingleton.h; path = FR/FRCore/CWLSynthesizeSingleton.h; sourceTree = "<group>"; };
		499AE6E217DE7CE20055B9F0 /* FRAppCommon.h */ = {isa = PBXFileReference; fileEncoding = 4; lastKnownFileType = sourcecode.c.h; name = FRAppCommon.h; path = FR/FRCore/FRAppCommon.h; sourceTree = "<group>"; };
		499AE6E317DE7CE20055B9F0 /* FRAppCommon.m */ = {isa = PBXFileReference; fileEncoding = 4; lastKnownFileType = sourcecode.c.objc; name = FRAppCommon.m; path = FR/FRCore/FRAppCommon.m; sourceTree = "<group>"; };
		499AE6E517DE7CEF0055B9F0 /* FRMIDIConfigController.h */ = {isa = PBXFileReference; fileEncoding = 4; lastKnownFileType = sourcecode.c.h; name = FRMIDIConfigController.h; path = FR/FRMIDIController/FRMIDIConfigController.h; sourceTree = "<group>"; };
		499AE6E617DE7CEF0055B9F0 /* FRMIDIConfigController.m */ = {isa = PBXFileReference; fileEncoding = 4; lastKnownFileType = sourcecode.c.objc; name = FRMIDIConfigController.m; path = FR/FRMIDIController/FRMIDIConfigController.m; sourceTree = "<group>"; };
		499AE6E717DE7CEF0055B9F0 /* FRMIDIInput.h */ = {isa = PBXFileReference; fileEncoding = 4; lastKnownFileType = sourcecode.c.h; name = FRMIDIInput.h; path = FR/FRMIDIController/FRMIDIInput.h; sourceTree = "<group>"; };
		499AE6E817DE7CEF0055B9F0 /* FRMIDIInput.m */ = {isa = PBXFileReference; fileEncoding = 4; lastKnownFileType = sourcecode.c.objc; name = FRMIDIInput.m; path = FR/FRMIDIController/FRMIDIInput.m; sourceTree = "<group>"; };
		499AE6E917DE7CEF0055B9F0 /* FRMIDIMapping.h */ = {isa = PBXFileReference; fileEncoding = 4; lastKnownFileType = sourcecode.c.h; name = FRMIDIMapping.h; path = FR/FRMIDIController/FRMIDIMapping.h; sourceTree = "<group>"; };
		499AE6EA17DE7CEF0055B9F0 /* FRMIDIMapping.m */ = {isa = PBXFileReference; fileEncoding = 4; lastKnownFileType = sourcecode.c.objc; name = FRMIDIMapping.m; path = FR/FRMIDIController/FRMIDIMapping.m; sourceTree = "<group>"; };
		499AE6EB17DE7CEF0055B9F0 /* FRMIDIPublishedMethods.h */ = {isa = PBXFileReference; fileEncoding = 4; lastKnownFileType = sourcecode.c.h; name = FRMIDIPublishedMethods.h; path = FR/FRMIDIController/FRMIDIPublishedMethods.h; sourceTree = "<group>"; };
		499AE6EC17DE7CF00055B9F0 /* FRMIDIPublishedMethods.m */ = {isa = PBXFileReference; fileEncoding = 4; lastKnownFileType = sourcecode.c.objc; name = FRMIDIPublishedMethods.m; path = FR/FRMIDIController/FRMIDIPublishedMethods.m; sourceTree = "<group>"; };
		499AE6ED17DE7CF00055B9F0 /* midimap_korgNanoKontrol2.plist */ = {isa = PBXFileReference; fileEncoding = 4; lastKnownFileType = text.plist.xml; name = midimap_korgNanoKontrol2.plist; path = FR/FRMIDIController/midimap_korgNanoKontrol2.plist; sourceTree = "<group>"; };
		499AE6EE17DE7CF00055B9F0 /* midimap_korgNanoPad.plist */ = {isa = PBXFileReference; fileEncoding = 4; lastKnownFileType = text.plist.xml; name = midimap_korgNanoPad.plist; path = FR/FRMIDIController/midimap_korgNanoPad.plist; sourceTree = "<group>"; };
		499AE6EF17DE7CF00055B9F0 /* midimap_vestaxSpin.plist */ = {isa = PBXFileReference; fileEncoding = 4; lastKnownFileType = text.plist.xml; name = midimap_vestaxSpin.plist; path = FR/FRMIDIController/midimap_vestaxSpin.plist; sourceTree = "<group>"; };
		499AE6F717DE7CF80055B9F0 /* NSView+snapshot.h */ = {isa = PBXFileReference; lastKnownFileType = sourcecode.c.h; name = "NSView+snapshot.h"; path = "FR/FRUtil/NSView+snapshot.h"; sourceTree = "<group>"; };
		499AE6F817DE7CF80055B9F0 /* NSView+snapshot.m */ = {isa = PBXFileReference; lastKnownFileType = sourcecode.c.objc; name = "NSView+snapshot.m"; path = "FR/FRUtil/NSView+snapshot.m"; sourceTree = "<group>"; };
		49A3DAAA17CA52C70091FEFD /* NSView+snapshot.h */ = {isa = PBXFileReference; fileEncoding = 4; lastKnownFileType = sourcecode.c.h; path = "NSView+snapshot.h"; sourceTree = "<group>"; };
		49A3DAAB17CA52C70091FEFD /* NSView+snapshot.m */ = {isa = PBXFileReference; fileEncoding = 4; lastKnownFileType = sourcecode.c.objc; path = "NSView+snapshot.m"; sourceTree = "<group>"; };
		49BD02D017CEBF4B00CF064E /* Assets */ = {isa = PBXFileReference; lastKnownFileType = folder; path = Assets; sourceTree = "<group>"; };
		49BF395017842D910045361C /* AppController.h */ = {isa = PBXFileReference; fileEncoding = 4; lastKnownFileType = sourcecode.c.h; path = AppController.h; sourceTree = "<group>"; };
		49BF395117842D910045361C /* AppController.m */ = {isa = PBXFileReference; fileEncoding = 4; lastKnownFileType = sourcecode.c.objc; path = AppController.m; sourceTree = "<group>"; };
		49CCB37117DB28E5009925EF /* TextSlice.h */ = {isa = PBXFileReference; fileEncoding = 4; lastKnownFileType = sourcecode.c.h; path = TextSlice.h; sourceTree = SOURCE_ROOT; };
		49CCB37217DB28E5009925EF /* TextSlice.m */ = {isa = PBXFileReference; fileEncoding = 4; lastKnownFileType = sourcecode.c.objc; path = TextSlice.m; sourceTree = SOURCE_ROOT; };
/* End PBXFileReference section */

/* Begin PBXFrameworksBuildPhase section */
		491BD7C916BBF0560012A5E1 /* Frameworks */ = {
			isa = PBXFrameworksBuildPhase;
			buildActionMask = 2147483647;
			files = (
				495367A517CF5BD3005EE119 /* CoreMIDI.framework in Frameworks */,
				493D643917173E1800E51A6F /* Foundation.framework in Frameworks */,
				493D643B1717404D00E51A6F /* AppKit.framework in Frameworks */,
				493D643A17173FB700E51A6F /* OpenGL.framework in Frameworks */,
				493D643817173E1200E51A6F /* CoreData.framework in Frameworks */,
				491BD7D116BBF0560012A5E1 /* Cocoa.framework in Frameworks */,
				493D643717173E0000E51A6F /* Carbon.framework in Frameworks */,
				493D643517173DFA00E51A6F /* CoreVideo.framework in Frameworks */,
				493D643317173DF200E51A6F /* QTKit.framework in Frameworks */,
				493D642F17173DE500E51A6F /* ApplicationServices.framework in Frameworks */,
				493D642D17173DDE00E51A6F /* CoreAudio.framework in Frameworks */,
				493D642B17173DD800E51A6F /* CoreAudioKit.framework in Frameworks */,
				493D642917173DD300E51A6F /* AudioUnit.framework in Frameworks */,
				493D642717173DCD00E51A6F /* AudioToolbox.framework in Frameworks */,
				493D642517173DC600E51A6F /* Accelerate.framework in Frameworks */,
				4987A38916C322C20035FB17 /* Security.framework in Frameworks */,
				491BD83916BED11F0012A5E1 /* CoreMedia.framework in Frameworks */,
				491BD83516BED10F0012A5E1 /* QuartzCore.framework in Frameworks */,
				4974D18317E9F76D008DA40C /* Syphon.framework in Frameworks */,
			);
			runOnlyForDeploymentPostprocessing = 0;
		};
/* End PBXFrameworksBuildPhase section */

/* Begin PBXGroup section */
		491BD7C116BBF0560012A5E1 = {
			isa = PBXGroup;
			children = (
				4964FDE217DCB49D0092E542 /* textify.icns */,
				499AE6DD17DE7CA80055B9F0 /* FRApp */,
				498F2D8217CE13CE00A38674 /* App */,
				491E3FDE171729B300DB7734 /* Main Code */,
				491BD7D716BBF0560012A5E1 /* Resources */,
				49BD02D017CEBF4B00CF064E /* Assets */,
				49D319951718A798001FE074 /* Frameworks */,
				491BD7CD16BBF0560012A5E1 /* Products */,
			);
			sourceTree = "<group>";
		};
		491BD7CD16BBF0560012A5E1 /* Products */ = {
			isa = PBXGroup;
			children = (
				491BD7CC16BBF0560012A5E1 /* Textify.app */,
			);
			name = Products;
			sourceTree = "<group>";
		};
		491BD7D716BBF0560012A5E1 /* Resources */ = {
			isa = PBXGroup;
			children = (
				493684DA179D48D600BE8384 /* MainMenu.xib */,
				498DA3AB17E53FFA00EBDF78 /* SettingsFileBox.h */,
				498DA3AC17E53FFA00EBDF78 /* SettingsFileBox.m */,
				4974D18517EA0540008DA40C /* defaultSettings.settings */,
				498DA26B17DB78D80060F022 /* TextSliceScrollView.h */,
				498DA26C17DB78D80060F022 /* TextSliceScrollView.m */,
				4974D18717EA06CD008DA40C /* SettingsScrollView.h */,
				4974D18817EA06CD008DA40C /* SettingsScrollView.m */,
				49CCB37117DB28E5009925EF /* TextSlice.h */,
				49CCB37217DB28E5009925EF /* TextSlice.m */,
				498DA3A817E5030600EBDF78 /* SettingsFile.h */,
				498DA3A917E5030700EBDF78 /* SettingsFile.m */,
				498F2D8B17CE2A8300A38674 /* NSTextView_NoDrag.h */,
				498F2D8E17CE2B2200A38674 /* NSTextView_DragOverride.h */,
				498F2D8F17CE2B2200A38674 /* NSTextView_DragOverride.m */,
				498F2D8C17CE2A8300A38674 /* NSTextView_NoDrag.m */,
				493684D2179D480100BE8384 /* Credits.rtf */,
				498DA26A17DB71A50060F022 /* Textify-Info.plist */,
				493684D4179D480100BE8384 /* InfoPlist.strings */,
				493684D0179D47E800BE8384 /* main.m */,
				491BD7E816BBF0570012A5E1 /* SinK3.xcdatamodeld */,
			);
			name = Resources;
			path = SinK3;
			sourceTree = "<group>";
		};
		491E3FDE171729B300DB7734 /* Main Code */ = {
			isa = PBXGroup;
			children = (
				491D8F5917E8C65000D7119D /* TextField_keyHandler.h */,
				491D8F5A17E8C65000D7119D /* TextField_keyHandler.m */,
				4907B3B3175FA3290042E1C8 /* BigFontView.h */,
				4907B3B4175FA3290042E1C8 /* BigFontView.m */,
				49A3DAAA17CA52C70091FEFD /* NSView+snapshot.h */,
				49A3DAAB17CA52C70091FEFD /* NSView+snapshot.m */,
			);
			name = "Main Code";
			sourceTree = "<group>";
		};
		498F2D8217CE13CE00A38674 /* App */ = {
			isa = PBXGroup;
			children = (
				493684CE179D479A00BE8384 /* AppDelegate.h */,
				493684CD179D479A00BE8384 /* AppDelegate.m */,
				49BF395017842D910045361C /* AppController.h */,
				49BF395117842D910045361C /* AppController.m */,
			);
			name = App;
			sourceTree = "<group>";
		};
		499AE6DD17DE7CA80055B9F0 /* FRApp */ = {
			isa = PBXGroup;
			children = (
				499AE6E017DE7CC20055B9F0 /* FRUtil */,
				499AE6DF17DE7CB90055B9F0 /* FRMIDIController */,
				499AE6DE17DE7CAF0055B9F0 /* FRCore */,
			);
			name = FRApp;
			sourceTree = "<group>";
		};
		499AE6DE17DE7CAF0055B9F0 /* FRCore */ = {
			isa = PBXGroup;
			children = (
				499AE6E117DE7CE20055B9F0 /* CWLSynthesizeSingleton.h */,
				499AE6E217DE7CE20055B9F0 /* FRAppCommon.h */,
				499AE6E317DE7CE20055B9F0 /* FRAppCommon.m */,
			);
			name = FRCore;
			sourceTree = "<group>";
		};
		499AE6DF17DE7CB90055B9F0 /* FRMIDIController */ = {
			isa = PBXGroup;
			children = (
				499AE6E517DE7CEF0055B9F0 /* FRMIDIConfigController.h */,
				499AE6E617DE7CEF0055B9F0 /* FRMIDIConfigController.m */,
				499AE6E717DE7CEF0055B9F0 /* FRMIDIInput.h */,
				499AE6E817DE7CEF0055B9F0 /* FRMIDIInput.m */,
				499AE6E917DE7CEF0055B9F0 /* FRMIDIMapping.h */,
				499AE6EA17DE7CEF0055B9F0 /* FRMIDIMapping.m */,
				499AE6EB17DE7CEF0055B9F0 /* FRMIDIPublishedMethods.h */,
				499AE6EC17DE7CF00055B9F0 /* FRMIDIPublishedMethods.m */,
				499AE6ED17DE7CF00055B9F0 /* midimap_korgNanoKontrol2.plist */,
				499AE6EE17DE7CF00055B9F0 /* midimap_korgNanoPad.plist */,
				499AE6EF17DE7CF00055B9F0 /* midimap_vestaxSpin.plist */,
			);
			name = FRMIDIController;
			sourceTree = "<group>";
		};
		499AE6E017DE7CC20055B9F0 /* FRUtil */ = {
			isa = PBXGroup;
			children = (
				499AE6F717DE7CF80055B9F0 /* NSView+snapshot.h */,
				499AE6F817DE7CF80055B9F0 /* NSView+snapshot.m */,
			);
			name = FRUtil;
			sourceTree = "<group>";
		};
		49D319951718A798001FE074 /* Frameworks */ = {
			isa = PBXGroup;
			children = (
				4974D18217E9F76D008DA40C /* Syphon.framework */,
				495367A417CF5BD3005EE119 /* CoreMIDI.framework */,
				493D642417173DC600E51A6F /* Accelerate.framework */,
				491BD7D316BBF0560012A5E1 /* AppKit.framework */,
				493D642E17173DE500E51A6F /* ApplicationServices.framework */,
				493D642617173DCD00E51A6F /* AudioToolbox.framework */,
				493D642817173DD300E51A6F /* AudioUnit.framework */,
				493D643617173E0000E51A6F /* Carbon.framework */,
				491BD7D016BBF0560012A5E1 /* Cocoa.framework */,
				493D642C17173DDE00E51A6F /* CoreAudio.framework */,
				493D642A17173DD800E51A6F /* CoreAudioKit.framework */,
				491BD7D416BBF0560012A5E1 /* CoreData.framework */,
				491BD83816BED11F0012A5E1 /* CoreMedia.framework */,
				493D643417173DFA00E51A6F /* CoreVideo.framework */,
				491BD7D516BBF0560012A5E1 /* Foundation.framework */,
				491BD83616BED1150012A5E1 /* OpenGL.framework */,
				493D643217173DF200E51A6F /* QTKit.framework */,
				491BD83416BED10F0012A5E1 /* QuartzCore.framework */,
				4987A38816C322C20035FB17 /* Security.framework */,
			);
			name = Frameworks;
			sourceTree = "<group>";
		};
/* End PBXGroup section */

/* Begin PBXNativeTarget section */
		491BD7CB16BBF0560012A5E1 /* Textify */ = {
			isa = PBXNativeTarget;
			buildConfigurationList = 491BD7ED16BBF0570012A5E1 /* Build configuration list for PBXNativeTarget "Textify" */;
			buildPhases = (
				491BD7C816BBF0560012A5E1 /* Sources */,
				491BD7C916BBF0560012A5E1 /* Frameworks */,
				491BD7CA16BBF0560012A5E1 /* Resources */,
				491BD82D16BECFC40012A5E1 /* CopyFiles */,
			);
			buildRules = (
			);
			dependencies = (
			);
			name = Textify;
			productName = SinK3;
			productReference = 491BD7CC16BBF0560012A5E1 /* Textify.app */;
			productType = "com.apple.product-type.application";
		};
/* End PBXNativeTarget section */

/* Begin PBXProject section */
		491BD7C316BBF0560012A5E1 /* Project object */ = {
			isa = PBXProject;
			attributes = {
				LastUpgradeCheck = 0460;
				ORGANIZATIONNAME = "Vox Fera";
			};
			buildConfigurationList = 491BD7C616BBF0560012A5E1 /* Build configuration list for PBXProject "Textify" */;
			compatibilityVersion = "Xcode 3.2";
			developmentRegion = English;
			hasScannedForEncodings = 0;
			knownRegions = (
				en,
			);
			mainGroup = 491BD7C116BBF0560012A5E1;
			productRefGroup = 491BD7CD16BBF0560012A5E1 /* Products */;
			projectDirPath = "";
			projectRoot = "";
			targets = (
				491BD7CB16BBF0560012A5E1 /* Textify */,
			);
		};
/* End PBXProject section */

/* Begin PBXResourcesBuildPhase section */
		491BD7CA16BBF0560012A5E1 /* Resources */ = {
			isa = PBXResourcesBuildPhase;
			buildActionMask = 2147483647;
			files = (
				493684D6179D480100BE8384 /* Credits.rtf in Resources */,
				493684D7179D480100BE8384 /* InfoPlist.strings in Resources */,
				493684DC179D48D600BE8384 /* MainMenu.xib in Resources */,
				49BD02D117CEBF4B00CF064E /* Assets in Resources */,
				4974D18617EA0540008DA40C /* defaultSettings.settings in Resources */,
				4964FDE317DCB49D0092E542 /* textify.icns in Resources */,
				499AE6F417DE7CF00055B9F0 /* midimap_korgNanoKontrol2.plist in Resources */,
				499AE6F517DE7CF00055B9F0 /* midimap_korgNanoPad.plist in Resources */,
				499AE6F617DE7CF00055B9F0 /* midimap_vestaxSpin.plist in Resources */,
			);
			runOnlyForDeploymentPostprocessing = 0;
		};
/* End PBXResourcesBuildPhase section */

/* Begin PBXSourcesBuildPhase section */
		491BD7C816BBF0560012A5E1 /* Sources */ = {
			isa = PBXSourcesBuildPhase;
			buildActionMask = 2147483647;
			files = (
				491BD7EA16BBF0570012A5E1 /* SinK3.xcdatamodeld in Sources */,
				4907B3B5175FA3290042E1C8 /* BigFontView.m in Sources */,
				49BF395217842D910045361C /* AppController.m in Sources */,
				493684CF179D479A00BE8384 /* AppDelegate.m in Sources */,
				493684D1179D47E800BE8384 /* main.m in Sources */,
				49A3DAAC17CA52C70091FEFD /* NSView+snapshot.m in Sources */,
				498F2D8D17CE2A8300A38674 /* NSTextView_NoDrag.m in Sources */,
				498F2D9017CE2B2300A38674 /* NSTextView_DragOverride.m in Sources */,
				49CCB37317DB28E5009925EF /* TextSlice.m in Sources */,
				498DA26D17DB78D80060F022 /* TextSliceScrollView.m in Sources */,
				499AE6E417DE7CE20055B9F0 /* FRAppCommon.m in Sources */,
				499AE6F017DE7CF00055B9F0 /* FRMIDIConfigController.m in Sources */,
				499AE6F117DE7CF00055B9F0 /* FRMIDIInput.m in Sources */,
				499AE6F217DE7CF00055B9F0 /* FRMIDIMapping.m in Sources */,
				499AE6F317DE7CF00055B9F0 /* FRMIDIPublishedMethods.m in Sources */,
				498DA3AA17E5030700EBDF78 /* SettingsFile.m in Sources */,
				498DA3AD17E53FFA00EBDF78 /* SettingsFileBox.m in Sources */,
				491D8F5B17E8C65000D7119D /* TextField_keyHandler.m in Sources */,
				4974D18917EA06CD008DA40C /* SettingsScrollView.m in Sources */,
			);
			runOnlyForDeploymentPostprocessing = 0;
		};
/* End PBXSourcesBuildPhase section */

/* Begin PBXVariantGroup section */
		493684D2179D480100BE8384 /* Credits.rtf */ = {
			isa = PBXVariantGroup;
			children = (
				493684D3179D480100BE8384 /* en */,
			);
			name = Credits.rtf;
			sourceTree = "<group>";
		};
		493684D4179D480100BE8384 /* InfoPlist.strings */ = {
			isa = PBXVariantGroup;
			children = (
				493684D5179D480100BE8384 /* en */,
			);
			name = InfoPlist.strings;
			sourceTree = "<group>";
		};
		493684DA179D48D600BE8384 /* MainMenu.xib */ = {
			isa = PBXVariantGroup;
			children = (
				493684DB179D48D600BE8384 /* en */,
			);
			name = MainMenu.xib;
			sourceTree = "<group>";
		};
/* End PBXVariantGroup section */

/* Begin XCBuildConfiguration section */
		491BD7EB16BBF0570012A5E1 /* Debug */ = {
			isa = XCBuildConfiguration;
			buildSettings = {
				ALWAYS_SEARCH_USER_PATHS = YES;
				ARCHS = "$(ARCHS_STANDARD_64_BIT)";
				CINDER_PATH = "";
				CLANG_CXX_LANGUAGE_STANDARD = "gnu++0x";
				CLANG_CXX_LIBRARY = "libc++";
				CLANG_ENABLE_OBJC_ARC = YES;
				CLANG_WARN_EMPTY_BODY = YES;
				CLANG_WARN__DUPLICATE_METHOD_MATCH = YES;
				COPY_PHASE_STRIP = NO;
				GCC_C_LANGUAGE_STANDARD = c11;
				GCC_DYNAMIC_NO_PIC = NO;
				GCC_ENABLE_OBJC_EXCEPTIONS = YES;
				GCC_OPTIMIZATION_LEVEL = 0;
				GCC_PREPROCESSOR_DEFINITIONS = (
					"DEBUG=1",
					"$(inherited)",
				);
				GCC_SYMBOLS_PRIVATE_EXTERN = NO;
				GCC_VERSION = "";
				GCC_WARN_64_TO_32_BIT_CONVERSION = YES;
				GCC_WARN_ABOUT_RETURN_TYPE = YES;
				GCC_WARN_UNINITIALIZED_AUTOS = YES;
				GCC_WARN_UNUSED_VARIABLE = YES;
				HEADER_SEARCH_PATHS = (
					/opt/local/include/,
					/usr/local/include,
				);
				LIBRARY_SEARCH_PATHS = (
					/opt/local/lib,
					/usr/local/lib,
				);
				MACOSX_DEPLOYMENT_TARGET = 10.7;
				ONLY_ACTIVE_ARCH = YES;
				SDKROOT = macosx10.7;
				USER_HEADER_SEARCH_PATHS = "$(CINDER_PATH)/include";
			};
			name = Debug;
		};
		491BD7EC16BBF0570012A5E1 /* Release */ = {
			isa = XCBuildConfiguration;
			buildSettings = {
				ALWAYS_SEARCH_USER_PATHS = YES;
				ARCHS = "$(ARCHS_STANDARD_64_BIT)";
				CINDER_PATH = "";
				CLANG_CXX_LANGUAGE_STANDARD = "gnu++0x";
				CLANG_CXX_LIBRARY = "libc++";
				CLANG_ENABLE_OBJC_ARC = YES;
				CLANG_WARN_EMPTY_BODY = YES;
				CLANG_WARN__DUPLICATE_METHOD_MATCH = YES;
				COPY_PHASE_STRIP = YES;
				DEBUG_INFORMATION_FORMAT = "dwarf-with-dsym";
				GCC_C_LANGUAGE_STANDARD = c11;
				GCC_ENABLE_OBJC_EXCEPTIONS = YES;
				GCC_VERSION = "";
				GCC_WARN_64_TO_32_BIT_CONVERSION = YES;
				GCC_WARN_ABOUT_RETURN_TYPE = YES;
				GCC_WARN_UNINITIALIZED_AUTOS = YES;
				GCC_WARN_UNUSED_VARIABLE = YES;
				LIBRARY_SEARCH_PATHS = (
					/opt/local/lib,
					/usr/local/lib,
				);
				MACOSX_DEPLOYMENT_TARGET = 10.7;
				OTHER_LDFLAGS = "";
				SDKROOT = macosx10.7;
			};
			name = Release;
		};
		491BD7EE16BBF0570012A5E1 /* Debug */ = {
			isa = XCBuildConfiguration;
			buildSettings = {
				ARCHS = "$(ARCHS_STANDARD_64_BIT)";
				CINDER_PATH = "";
				CLANG_CXX_LANGUAGE_STANDARD = "c++0x";
				CLANG_CXX_LIBRARY = "libc++";
				COMBINE_HIDPI_IMAGES = YES;
				FRAMEWORK_SEARCH_PATHS = (
					"$(inherited)",
					"\"$(SRCROOT)\"",
				);
				GCC_C_LANGUAGE_STANDARD = "compiler-default";
				GCC_MODEL_TUNING = G5;
				GCC_PRECOMPILE_PREFIX_HEADER = YES;
				GCC_PREPROCESSOR_DEFINITIONS = "";
				GCC_VERSION = com.apple.compilers.llvm.clang.1_0;
				HEADER_SEARCH_PATHS = (
					/usr/local/include,
					/opt/local/include/,
				);
				INFOPLIST_FILE = "Textify-Info.plist";
				LIBRARY_SEARCH_PATHS = (
					"$(inherited)",
					/opt/local/lib,
					"\"$(SRCROOT)\"",
				);
				MACOSX_DEPLOYMENT_TARGET = "";
				ONLY_ACTIVE_ARCH = NO;
				PRODUCT_NAME = Textify;
				SDKROOT = macosx10.8;
				WARNING_CFLAGS = "-Wfloat-equal";
				WRAPPER_EXTENSION = app;
				ZERO_LINK = YES;
			};
			name = Debug;
		};
		491BD7EF16BBF0570012A5E1 /* Release */ = {
			isa = XCBuildConfiguration;
			buildSettings = {
				ARCHS = "$(ARCHS_STANDARD_64_BIT)";
				CLANG_CXX_LANGUAGE_STANDARD = "c++0x";
				CLANG_CXX_LIBRARY = "libc++";
				COMBINE_HIDPI_IMAGES = YES;
				FRAMEWORK_SEARCH_PATHS = (
					"$(inherited)",
					"\"$(SRCROOT)\"",
				);
				GCC_C_LANGUAGE_STANDARD = "compiler-default";
				GCC_MODEL_TUNING = G5;
				GCC_PRECOMPILE_PREFIX_HEADER = YES;
				GCC_VERSION = com.apple.compilers.llvm.clang.1_0;
				INFOPLIST_FILE = "Textify-Info.plist";
				LIBRARY_SEARCH_PATHS = (
					"$(inherited)",
					/opt/local/lib,
					"\"$(SRCROOT)\"",
				);
				MACOSX_DEPLOYMENT_TARGET = "";
				ONLY_ACTIVE_ARCH = NO;
				PRODUCT_NAME = Textify;
				SDKROOT = macosx10.8;
				WARNING_CFLAGS = "-Wfloat-equal";
				WRAPPER_EXTENSION = app;
				ZERO_LINK = "";
			};
			name = Release;
		};
/* End XCBuildConfiguration section */

/* Begin XCConfigurationList section */
		491BD7C616BBF0560012A5E1 /* Build configuration list for PBXProject "Textify" */ = {
			isa = XCConfigurationList;
			buildConfigurations = (
				491BD7EB16BBF0570012A5E1 /* Debug */,
				491BD7EC16BBF0570012A5E1 /* Release */,
			);
			defaultConfigurationIsVisible = 0;
			defaultConfigurationName = Release;
		};
		491BD7ED16BBF0570012A5E1 /* Build configuration list for PBXNativeTarget "Textify" */ = {
			isa = XCConfigurationList;
			buildConfigurations = (
				491BD7EE16BBF0570012A5E1 /* Debug */,
				491BD7EF16BBF0570012A5E1 /* Release */,
			);
			defaultConfigurationIsVisible = 0;
			defaultConfigurationName = Release;
		};
/* End XCConfigurationList section */

/* Begin XCVersionGroup section */
		491BD7E816BBF0570012A5E1 /* SinK3.xcdatamodeld */ = {
			isa = XCVersionGroup;
			children = (
				491BD7E916BBF0570012A5E1 /* SinK3.xcdatamodel */,
			);
			currentVersion = 491BD7E916BBF0570012A5E1 /* SinK3.xcdatamodel */;
			path = SinK3.xcdatamodeld;
			sourceTree = "<group>";
			versionGroupType = wrapper.xcdatamodel;
		};
/* End XCVersionGroup section */
	};
	rootObject = 491BD7C316BBF0560012A5E1 /* Project object */;
}
